
Microsoft Visual Studio Solution File, Format Version 12.00
# Visual Studio 15
VisualStudioVersion = 15.0.28307.1022
MinimumVisualStudioVersion = 10.0.40219.1
Project("{FAE04EC0-301F-11D3-BF4B-00C04F79EFBC}") = "TestHWFor_Git", "TestHWFor_Git\TestHWFor_Git.csproj", "{8B2A463A-42F5-4496-BA40-B922084852B9}"
EndProject
Global
	GlobalSection(SolutionConfigurationPlatforms) = preSolution
		Debug|Any CPU = Debug|Any CPU
		Release|Any CPU = Release|Any CPU
	EndGlobalSection
	GlobalSection(ProjectConfigurationPlatforms) = postSolution
		{8B2A463A-42F5-4496-BA40-B922084852B9}.Debug|Any CPU.ActiveCfg = Debug|Any CPU
		{8B2A463A-42F5-4496-BA40-B922084852B9}.Debug|Any CPU.Build.0 = Debug|Any CPU
		{8B2A463A-42F5-4496-BA40-B922084852B9}.Release|Any CPU.ActiveCfg = Release|Any CPU
		{8B2A463A-42F5-4496-BA40-B922084852B9}.Release|Any CPU.Build.0 = Release|Any CPU
	EndGlobalSection
	GlobalSection(SolutionProperties) = preSolution
		HideSolutionNode = FALSE
	EndGlobalSection
	GlobalSection(ExtensibilityGlobals) = postSolution
		SolutionGuid = {167D1104-9599-49A8-BAE2-9AB43E0A57D6}
	EndGlobalSection
EndGlobal
